
Microsoft Visual Studio Solution File, Format Version 12.00
# Visual Studio Version 17
VisualStudioVersion = 17.14.36705.20 d17.14
MinimumVisualStudioVersion = 10.0.40219.1
Project("{FAE04EC0-301F-11D3-BF4B-00C04F79EFBC}") = "ListaFilme", "ListaFilme\ListaFilme.csproj", "{BE5FCE3F-685B-4560-BF54-2AD650022098}"
EndProject
Global
	GlobalSection(SolutionConfigurationPlatforms) = preSolution
		Debug|Any CPU = Debug|Any CPU
		Release|Any CPU = Release|Any CPU
	EndGlobalSection
	GlobalSection(ProjectConfigurationPlatforms) = postSolution
		{BE5FCE3F-685B-4560-BF54-2AD650022098}.Debug|Any CPU.ActiveCfg = Debug|Any CPU
		{BE5FCE3F-685B-4560-BF54-2AD650022098}.Debug|Any CPU.Build.0 = Debug|Any CPU
		{BE5FCE3F-685B-4560-BF54-2AD650022098}.Release|Any CPU.ActiveCfg = Release|Any CPU
		{BE5FCE3F-685B-4560-BF54-2AD650022098}.Release|Any CPU.Build.0 = Release|Any CPU
	EndGlobalSection
	GlobalSection(SolutionProperties) = preSolution
		HideSolutionNode = FALSE
	EndGlobalSection
	GlobalSection(ExtensibilityGlobals) = postSolution
		SolutionGuid = {FD08C8E5-B2E8-40CD-8990-106FB04B3FE7}
	EndGlobalSection
EndGlobal
